
Microsoft Visual Studio Solution File, Format Version 12.00
# Visual Studio Version 16
VisualStudioVersion = 16.0.30717.126
MinimumVisualStudioVersion = 10.0.40219.1
Project("{FAE04EC0-301F-11D3-BF4B-00C04F79EFBC}") = "website", "website\website.csproj", "{D1B328B6-9AC2-49D5-84DB-F3E51AA8ABB1}"
EndProject
Global
	GlobalSection(SolutionConfigurationPlatforms) = preSolution
		Debug|Any CPU = Debug|Any CPU
		Release|Any CPU = Release|Any CPU
	EndGlobalSection
	GlobalSection(ProjectConfigurationPlatforms) = postSolution
		{D1B328B6-9AC2-49D5-84DB-F3E51AA8ABB1}.Debug|Any CPU.ActiveCfg = Debug|Any CPU
		{D1B328B6-9AC2-49D5-84DB-F3E51AA8ABB1}.Debug|Any CPU.Build.0 = Debug|Any CPU
		{D1B328B6-9AC2-49D5-84DB-F3E51AA8ABB1}.Release|Any CPU.ActiveCfg = Release|Any CPU
		{D1B328B6-9AC2-49D5-84DB-F3E51AA8ABB1}.Release|Any CPU.Build.0 = Release|Any CPU
	EndGlobalSection
	GlobalSection(SolutionProperties) = preSolution
		HideSolutionNode = FALSE
	EndGlobalSection
	GlobalSection(ExtensibilityGlobals) = postSolution
		SolutionGuid = {8673EED0-6368-45BA-89E6-7D1C6BEE046B}
	EndGlobalSection
EndGlobal
